
Microsoft Visual Studio Solution File, Format Version 12.00
# Visual Studio Version 18
VisualStudioVersion = 18.1.11304.174 d18.0
MinimumVisualStudioVersion = 10.0.40219.1
Project("{FAE04EC0-301F-11D3-BF4B-00C04F79EFBC}") = "LogiHub", "LogiHub\LogiHub.csproj", "{0BB0C7E2-15AB-4848-BD58-5CA5C33D4D14}"
EndProject
Project("{FAE04EC0-301F-11D3-BF4B-00C04F79EFBC}") = "LogiHub.Web", "LogiHub.Web1\LogiHub.Web.csproj", "{CA099A1A-CC2D-49D4-B712-389B534FDC5D}"
EndProject
Global
	GlobalSection(SolutionConfigurationPlatforms) = preSolution
		Debug|Any CPU = Debug|Any CPU
		Release|Any CPU = Release|Any CPU
	EndGlobalSection
	GlobalSection(ProjectConfigurationPlatforms) = postSolution
		{0BB0C7E2-15AB-4848-BD58-5CA5C33D4D14}.Debug|Any CPU.ActiveCfg = Debug|Any CPU
		{0BB0C7E2-15AB-4848-BD58-5CA5C33D4D14}.Debug|Any CPU.Build.0 = Debug|Any CPU
		{0BB0C7E2-15AB-4848-BD58-5CA5C33D4D14}.Release|Any CPU.ActiveCfg = Release|Any CPU
		{0BB0C7E2-15AB-4848-BD58-5CA5C33D4D14}.Release|Any CPU.Build.0 = Release|Any CPU
		{CA099A1A-CC2D-49D4-B712-389B534FDC5D}.Debug|Any CPU.ActiveCfg = Debug|Any CPU
		{CA099A1A-CC2D-49D4-B712-389B534FDC5D}.Debug|Any CPU.Build.0 = Debug|Any CPU
		{CA099A1A-CC2D-49D4-B712-389B534FDC5D}.Release|Any CPU.ActiveCfg = Release|Any CPU
		{CA099A1A-CC2D-49D4-B712-389B534FDC5D}.Release|Any CPU.Build.0 = Release|Any CPU
	EndGlobalSection
	GlobalSection(SolutionProperties) = preSolution
		HideSolutionNode = FALSE
	EndGlobalSection
	GlobalSection(ExtensibilityGlobals) = postSolution
		SolutionGuid = {C3C76CB2-4C29-424D-B15F-D729A78695AE}
	EndGlobalSection
EndGlobal
